
Microsoft Visual Studio Solution File, Format Version 11.00
# Visual Studio 2010
Project("{2150E333-8FDC-42A3-9474-1A3956D46DE8}") = "Solution Items", "Solution Items", "{3933328A-C2EB-4C8A-9E73-6720443BBA0B}"
	ProjectSection(SolutionItems) = preProject
		Local.testsettings = Local.testsettings
		MezeoPostInstallLauncher.vsmdi = MezeoPostInstallLauncher.vsmdi
		TraceAndTestImpact.testsettings = TraceAndTestImpact.testsettings
	EndProjectSection
EndProject
Project("{FAE04EC0-301F-11D3-BF4B-00C04F79EFBC}") = "MezeoPostInstallLauncher", "MezeoPostInstallLauncher\MezeoPostInstallLauncher.csproj", "{1935DD5B-4315-4371-A09D-049EA2B5F8E0}"
EndProject
Project("{FAE04EC0-301F-11D3-BF4B-00C04F79EFBC}") = "MezeoPostInstallLauncher.Tests", "MezeoPostInstallLauncher.Tests\MezeoPostInstallLauncher.Tests.csproj", "{1A6A938E-F8CB-45FF-8897-60A64F9EDF89}"
EndProject
Global
	GlobalSection(TestCaseManagementSettings) = postSolution
		CategoryFile = MezeoPostInstallLauncher.vsmdi
	EndGlobalSection
	GlobalSection(SolutionConfigurationPlatforms) = preSolution
		Debug|Any CPU = Debug|Any CPU
		Debug|Mixed Platforms = Debug|Mixed Platforms
		Debug|x86 = Debug|x86
		Release|Any CPU = Release|Any CPU
		Release|Mixed Platforms = Release|Mixed Platforms
		Release|x86 = Release|x86
	EndGlobalSection
	GlobalSection(ProjectConfigurationPlatforms) = postSolution
		{1935DD5B-4315-4371-A09D-049EA2B5F8E0}.Debug|Any CPU.ActiveCfg = Debug|x86
		{1935DD5B-4315-4371-A09D-049EA2B5F8E0}.Debug|Mixed Platforms.ActiveCfg = Debug|x86
		{1935DD5B-4315-4371-A09D-049EA2B5F8E0}.Debug|Mixed Platforms.Build.0 = Debug|x86
		{1935DD5B-4315-4371-A09D-049EA2B5F8E0}.Debug|x86.ActiveCfg = Debug|x86
		{1935DD5B-4315-4371-A09D-049EA2B5F8E0}.Debug|x86.Build.0 = Debug|x86
		{1935DD5B-4315-4371-A09D-049EA2B5F8E0}.Release|Any CPU.ActiveCfg = Release|x86
		{1935DD5B-4315-4371-A09D-049EA2B5F8E0}.Release|Mixed Platforms.ActiveCfg = Release|x86
		{1935DD5B-4315-4371-A09D-049EA2B5F8E0}.Release|Mixed Platforms.Build.0 = Release|x86
		{1935DD5B-4315-4371-A09D-049EA2B5F8E0}.Release|x86.ActiveCfg = Release|x86
		{1935DD5B-4315-4371-A09D-049EA2B5F8E0}.Release|x86.Build.0 = Release|x86
		{1A6A938E-F8CB-45FF-8897-60A64F9EDF89}.Debug|Any CPU.ActiveCfg = Debug|Any CPU
		{1A6A938E-F8CB-45FF-8897-60A64F9EDF89}.Debug|Any CPU.Build.0 = Debug|Any CPU
		{1A6A938E-F8CB-45FF-8897-60A64F9EDF89}.Debug|Mixed Platforms.ActiveCfg = Debug|Any CPU
		{1A6A938E-F8CB-45FF-8897-60A64F9EDF89}.Debug|Mixed Platforms.Build.0 = Debug|Any CPU
		{1A6A938E-F8CB-45FF-8897-60A64F9EDF89}.Debug|x86.ActiveCfg = Debug|Any CPU
		{1A6A938E-F8CB-45FF-8897-60A64F9EDF89}.Release|Any CPU.ActiveCfg = Release|Any CPU
		{1A6A938E-F8CB-45FF-8897-60A64F9EDF89}.Release|Any CPU.Build.0 = Release|Any CPU
		{1A6A938E-F8CB-45FF-8897-60A64F9EDF89}.Release|Mixed Platforms.ActiveCfg = Release|Any CPU
		{1A6A938E-F8CB-45FF-8897-60A64F9EDF89}.Release|Mixed Platforms.Build.0 = Release|Any CPU
		{1A6A938E-F8CB-45FF-8897-60A64F9EDF89}.Release|x86.ActiveCfg = Release|Any CPU
	EndGlobalSection
	GlobalSection(SolutionProperties) = preSolution
		HideSolutionNode = FALSE
	EndGlobalSection
EndGlobal
