
Microsoft Visual Studio Solution File, Format Version 11.00
# Visual Studio 2010
Project("{54435603-DBB4-11D2-8724-00A0C9A8B90C}") = "MezeoFile", "Mezeo File Sync.vdproj", "{129C4E2B-08D8-46D9-BAB3-3442874F4671}"
EndProject
Global
	GlobalSection(SolutionConfigurationPlatforms) = preSolution
		Debug|Default = Debug|Default
		Release|Default = Release|Default
	EndGlobalSection
	GlobalSection(ProjectConfigurationPlatforms) = postSolution
		{129C4E2B-08D8-46D9-BAB3-3442874F4671}.Debug|Default.ActiveCfg = Debug
		{129C4E2B-08D8-46D9-BAB3-3442874F4671}.Debug|Default.Build.0 = Debug
		{129C4E2B-08D8-46D9-BAB3-3442874F4671}.Release|Default.ActiveCfg = Release
		{129C4E2B-08D8-46D9-BAB3-3442874F4671}.Release|Default.Build.0 = Release
	EndGlobalSection
	GlobalSection(SolutionProperties) = preSolution
		HideSolutionNode = FALSE
	EndGlobalSection
EndGlobal
