
Microsoft Visual Studio Solution File, Format Version 11.00
# Visual Studio 2010
Project("{54435603-DBB4-11D2-8724-00A0C9A8B90C}") = "Mezeo File Sync", "Mezeo File Sync.vdproj", "{129C4E2B-08D8-46D9-BAB3-3442874F4671}"
EndProject
Project("{2150E333-8FDC-42A3-9474-1A3956D46DE8}") = "Solution Items", "Solution Items", "{07F6757D-4E71-4C55-94AE-AF56B5E92261}"
	ProjectSection(SolutionItems) = preProject
		ModifyMsiToEnableLaunchApplication.js = ModifyMsiToEnableLaunchApplication.js
	EndProjectSection
EndProject
Global
	GlobalSection(SolutionConfigurationPlatforms) = preSolution
		Debug|Default = Debug|Default
		Release|Default = Release|Default
	EndGlobalSection
	GlobalSection(ProjectConfigurationPlatforms) = postSolution
		{129C4E2B-08D8-46D9-BAB3-3442874F4671}.Debug|Default.ActiveCfg = Debug
		{129C4E2B-08D8-46D9-BAB3-3442874F4671}.Debug|Default.Build.0 = Debug
		{129C4E2B-08D8-46D9-BAB3-3442874F4671}.Release|Default.ActiveCfg = Release
		{129C4E2B-08D8-46D9-BAB3-3442874F4671}.Release|Default.Build.0 = Release
	EndGlobalSection
	GlobalSection(SolutionProperties) = preSolution
		HideSolutionNode = FALSE
	EndGlobalSection
EndGlobal
